// !$*UTF8*$!
{
	archiveVersion = 1;
	classes = {
	};
	objectVersion = 52;
	objects = {

/* Begin PBXBuildFile section */
		C9AAC22525B9B0A400E26F82 /* JoinChat.swift in Sources */ = {isa = PBXBuildFile; fileRef = C9AAC22425B9B0A400E26F82 /* JoinChat.swift */; };
		C9AAC22825B9B0E200E26F82 /* TextFieldAlert.swift in Sources */ = {isa = PBXBuildFile; fileRef = C9AAC22725B9B0E200E26F82 /* TextFieldAlert.swift */; };
		C9AAC22B25B9F95900E26F82 /* ChatTableView.swift in Sources */ = {isa = PBXBuildFile; fileRef = C9AAC22A25B9F95900E26F82 /* ChatTableView.swift */; };
		C9AAC22F25B9FC8400E26F82 /* ParticipantListView.swift in Sources */ = {isa = PBXBuildFile; fileRef = C9AAC22E25B9FC8400E26F82 /* ParticipantListView.swift */; };
		C9C39C4425B10C09007C634D /* WebSocket_ChatClientApp.swift in Sources */ = {isa = PBXBuildFile; fileRef = C9C39C4325B10C09007C634D /* WebSocket_ChatClientApp.swift */; };
		C9C39C4625B10C09007C634D /* ContentView.swift in Sources */ = {isa = PBXBuildFile; fileRef = C9C39C4525B10C09007C634D /* ContentView.swift */; };
		C9C39C4825B10C0D007C634D /* Assets.xcassets in Resources */ = {isa = PBXBuildFile; fileRef = C9C39C4725B10C0D007C634D /* Assets.xcassets */; };
		C9C39C4B25B10C0D007C634D /* Preview Assets.xcassets in Resources */ = {isa = PBXBuildFile; fileRef = C9C39C4A25B10C0D007C634D /* Preview Assets.xcassets */; };
		C9C39C5525B10F60007C634D /* SocketIO in Frameworks */ = {isa = PBXBuildFile; productRef = C9C39C5425B10F60007C634D /* SocketIO */; };
		C9C39C5925B1F0FC007C634D /* SocketService.swift in Sources */ = {isa = PBXBuildFile; fileRef = C9C39C5825B1F0FC007C634D /* SocketService.swift */; };
/* End PBXBuildFile section */

/* Begin PBXFileReference section */
		C9AAC22425B9B0A400E26F82 /* JoinChat.swift */ = {isa = PBXFileReference; lastKnownFileType = sourcecode.swift; path = JoinChat.swift; sourceTree = "<group>"; };
		C9AAC22725B9B0E200E26F82 /* TextFieldAlert.swift */ = {isa = PBXFileReference; lastKnownFileType = sourcecode.swift; path = TextFieldAlert.swift; sourceTree = "<group>"; };
		C9AAC22A25B9F95900E26F82 /* ChatTableView.swift */ = {isa = PBXFileReference; lastKnownFileType = sourcecode.swift; path = ChatTableView.swift; sourceTree = "<group>"; };
		C9AAC22E25B9FC8400E26F82 /* ParticipantListView.swift */ = {isa = PBXFileReference; lastKnownFileType = sourcecode.swift; path = ParticipantListView.swift; sourceTree = "<group>"; };
		C9C39C4025B10C09007C634D /* WebSocket_ChatClient.app */ = {isa = PBXFileReference; explicitFileType = wrapper.application; includeInIndex = 0; path = WebSocket_ChatClient.app; sourceTree = BUILT_PRODUCTS_DIR; };
		C9C39C4325B10C09007C634D /* WebSocket_ChatClientApp.swift */ = {isa = PBXFileReference; lastKnownFileType = sourcecode.swift; path = WebSocket_ChatClientApp.swift; sourceTree = "<group>"; };
		C9C39C4525B10C09007C634D /* ContentView.swift */ = {isa = PBXFileReference; lastKnownFileType = sourcecode.swift; path = ContentView.swift; sourceTree = "<group>"; };
		C9C39C4725B10C0D007C634D /* Assets.xcassets */ = {isa = PBXFileReference; lastKnownFileType = folder.assetcatalog; path = Assets.xcassets; sourceTree = "<group>"; };
		C9C39C4A25B10C0D007C634D /* Preview Assets.xcassets */ = {isa = PBXFileReference; lastKnownFileType = folder.assetcatalog; path = "Preview Assets.xcassets"; sourceTree = "<group>"; };
		C9C39C4C25B10C0D007C634D /* Info.plist */ = {isa = PBXFileReference; lastKnownFileType = text.plist.xml; path = Info.plist; sourceTree = "<group>"; };
		C9C39C5825B1F0FC007C634D /* SocketService.swift */ = {isa = PBXFileReference; lastKnownFileType = sourcecode.swift; path = SocketService.swift; sourceTree = "<group>"; };
/* End PBXFileReference section */

/* Begin PBXFrameworksBuildPhase section */
		C9C39C3D25B10C09007C634D /* Frameworks */ = {
			isa = PBXFrameworksBuildPhase;
			buildActionMask = 2147483647;
			files = (
				C9C39C5525B10F60007C634D /* SocketIO in Frameworks */,
			);
			runOnlyForDeploymentPostprocessing = 0;
		};
/* End PBXFrameworksBuildPhase section */

/* Begin PBXGroup section */
		C9C39C3725B10C09007C634D = {
			isa = PBXGroup;
			children = (
				C9C39C4225B10C09007C634D /* WebSocket_ChatClient */,
				C9C39C4125B10C09007C634D /* Products */,
			);
			sourceTree = "<group>";
		};
		C9C39C4125B10C09007C634D /* Products */ = {
			isa = PBXGroup;
			children = (
				C9C39C4025B10C09007C634D /* WebSocket_ChatClient.app */,
			);
			name = Products;
			sourceTree = "<group>";
		};
		C9C39C4225B10C09007C634D /* WebSocket_ChatClient */ = {
			isa = PBXGroup;
			children = (
				C9C39C4325B10C09007C634D /* WebSocket_ChatClientApp.swift */,
				C9C39C4525B10C09007C634D /* ContentView.swift */,
				C9AAC22A25B9F95900E26F82 /* ChatTableView.swift */,
				C9AAC22E25B9FC8400E26F82 /* ParticipantListView.swift */,
				C9AAC22425B9B0A400E26F82 /* JoinChat.swift */,
				C9AAC22725B9B0E200E26F82 /* TextFieldAlert.swift */,
				C9C39C5825B1F0FC007C634D /* SocketService.swift */,
				C9C39C4725B10C0D007C634D /* Assets.xcassets */,
				C9C39C4C25B10C0D007C634D /* Info.plist */,
				C9C39C4925B10C0D007C634D /* Preview Content */,
			);
			path = WebSocket_ChatClient;
			sourceTree = "<group>";
		};
		C9C39C4925B10C0D007C634D /* Preview Content */ = {
			isa = PBXGroup;
			children = (
				C9C39C4A25B10C0D007C634D /* Preview Assets.xcassets */,
			);
			path = "Preview Content";
			sourceTree = "<group>";
		};
/* End PBXGroup section */

/* Begin PBXNativeTarget section */
		C9C39C3F25B10C09007C634D /* WebSocket_ChatClient */ = {
			isa = PBXNativeTarget;
			buildConfigurationList = C9C39C4F25B10C0D007C634D /* Build configuration list for PBXNativeTarget "WebSocket_ChatClient" */;
			buildPhases = (
				C9C39C3C25B10C09007C634D /* Sources */,
				C9C39C3D25B10C09007C634D /* Frameworks */,
				C9C39C3E25B10C09007C634D /* Resources */,
			);
			buildRules = (
			);
			dependencies = (
			);
			name = WebSocket_ChatClient;
			packageProductDependencies = (
				C9C39C5425B10F60007C634D /* SocketIO */,
			);
			productName = WebSocket_ChatClient;
			productReference = C9C39C4025B10C09007C634D /* WebSocket_ChatClient.app */;
			productType = "com.apple.product-type.application";
		};
/* End PBXNativeTarget section */

/* Begin PBXProject section */
		C9C39C3825B10C09007C634D /* Project object */ = {
			isa = PBXProject;
			attributes = {
				LastSwiftUpdateCheck = 1230;
				LastUpgradeCheck = 1230;
				TargetAttributes = {
					C9C39C3F25B10C09007C634D = {
						CreatedOnToolsVersion = 12.3;
					};
				};
			};
			buildConfigurationList = C9C39C3B25B10C09007C634D /* Build configuration list for PBXProject "WebSocket_ChatClient" */;
			compatibilityVersion = "Xcode 9.3";
			developmentRegion = en;
			hasScannedForEncodings = 0;
			knownRegions = (
				en,
				Base,
			);
			mainGroup = C9C39C3725B10C09007C634D;
			packageReferences = (
				C9C39C5325B10F60007C634D /* XCRemoteSwiftPackageReference "socket.io-client-swift" */,
			);
			productRefGroup = C9C39C4125B10C09007C634D /* Products */;
			projectDirPath = "";
			projectRoot = "";
			targets = (
				C9C39C3F25B10C09007C634D /* WebSocket_ChatClient */,
			);
		};
/* End PBXProject section */

/* Begin PBXResourcesBuildPhase section */
		C9C39C3E25B10C09007C634D /* Resources */ = {
			isa = PBXResourcesBuildPhase;
			buildActionMask = 2147483647;
			files = (
				C9C39C4B25B10C0D007C634D /* Preview Assets.xcassets in Resources */,
				C9C39C4825B10C0D007C634D /* Assets.xcassets in Resources */,
			);
			runOnlyForDeploymentPostprocessing = 0;
		};
/* End PBXResourcesBuildPhase section */

/* Begin PBXSourcesBuildPhase section */
		C9C39C3C25B10C09007C634D /* Sources */ = {
			isa = PBXSourcesBuildPhase;
			buildActionMask = 2147483647;
			files = (
				C9AAC22825B9B0E200E26F82 /* TextFieldAlert.swift in Sources */,
				C9C39C4625B10C09007C634D /* ContentView.swift in Sources */,
				C9AAC22B25B9F95900E26F82 /* ChatTableView.swift in Sources */,
				C9AAC22F25B9FC8400E26F82 /* ParticipantListView.swift in Sources */,
				C9AAC22525B9B0A400E26F82 /* JoinChat.swift in Sources */,
				C9C39C4425B10C09007C634D /* WebSocket_ChatClientApp.swift in Sources */,
				C9C39C5925B1F0FC007C634D /* SocketService.swift in Sources */,
			);
			runOnlyForDeploymentPostprocessing = 0;
		};
/* End PBXSourcesBuildPhase section */

/* Begin XCBuildConfiguration section */
		C9C39C4D25B10C0D007C634D /* Debug */ = {
			isa = XCBuildConfiguration;
			buildSettings = {
				ALWAYS_SEARCH_USER_PATHS = NO;
				CLANG_ANALYZER_NONNULL = YES;
				CLANG_ANALYZER_NUMBER_OBJECT_CONVERSION = YES_AGGRESSIVE;
				CLANG_CXX_LANGUAGE_STANDARD = "gnu++14";
				CLANG_CXX_LIBRARY = "libc++";
				CLANG_ENABLE_MODULES = YES;
				CLANG_ENABLE_OBJC_ARC = YES;
				CLANG_ENABLE_OBJC_WEAK = YES;
				CLANG_WARN_BLOCK_CAPTURE_AUTORELEASING = YES;
				CLANG_WARN_BOOL_CONVERSION = YES;
				CLANG_WARN_COMMA = YES;
				CLANG_WARN_CONSTANT_CONVERSION = YES;
				CLANG_WARN_DEPRECATED_OBJC_IMPLEMENTATIONS = YES;
				CLANG_WARN_DIRECT_OBJC_ISA_USAGE = YES_ERROR;
				CLANG_WARN_DOCUMENTATION_COMMENTS = YES;
				CLANG_WARN_EMPTY_BODY = YES;
				CLANG_WARN_ENUM_CONVERSION = YES;
				CLANG_WARN_INFINITE_RECURSION = YES;
				CLANG_WARN_INT_CONVERSION = YES;
				CLANG_WARN_NON_LITERAL_NULL_CONVERSION = YES;
				CLANG_WARN_OBJC_IMPLICIT_RETAIN_SELF = YES;
				CLANG_WARN_OBJC_LITERAL_CONVERSION = YES;
				CLANG_WARN_OBJC_ROOT_CLASS = YES_ERROR;
				CLANG_WARN_QUOTED_INCLUDE_IN_FRAMEWORK_HEADER = YES;
				CLANG_WARN_RANGE_LOOP_ANALYSIS = YES;
				CLANG_WARN_STRICT_PROTOTYPES = YES;
				CLANG_WARN_SUSPICIOUS_MOVE = YES;
				CLANG_WARN_UNGUARDED_AVAILABILITY = YES_AGGRESSIVE;
				CLANG_WARN_UNREACHABLE_CODE = YES;
				CLANG_WARN__DUPLICATE_METHOD_MATCH = YES;
				COPY_PHASE_STRIP = NO;
				DEBUG_INFORMATION_FORMAT = dwarf;
				ENABLE_STRICT_OBJC_MSGSEND = YES;
				ENABLE_TESTABILITY = YES;
				GCC_C_LANGUAGE_STANDARD = gnu11;
				GCC_DYNAMIC_NO_PIC = NO;
				GCC_NO_COMMON_BLOCKS = YES;
				GCC_OPTIMIZATION_LEVEL = 0;
				GCC_PREPROCESSOR_DEFINITIONS = (
					"DEBUG=1",
					"$(inherited)",
				);
				GCC_WARN_64_TO_32_BIT_CONVERSION = YES;
				GCC_WARN_ABOUT_RETURN_TYPE = YES_ERROR;
				GCC_WARN_UNDECLARED_SELECTOR = YES;
				GCC_WARN_UNINITIALIZED_AUTOS = YES_AGGRESSIVE;
				GCC_WARN_UNUSED_FUNCTION = YES;
				GCC_WARN_UNUSED_VARIABLE = YES;
				IPHONEOS_DEPLOYMENT_TARGET = 14.3;
				MTL_ENABLE_DEBUG_INFO = INCLUDE_SOURCE;
				MTL_FAST_MATH = YES;
				ONLY_ACTIVE_ARCH = YES;
				SDKROOT = iphoneos;
				SWIFT_ACTIVE_COMPILATION_CONDITIONS = DEBUG;
				SWIFT_OPTIMIZATION_LEVEL = "-Onone";
			};
			name = Debug;
		};
		C9C39C4E25B10C0D007C634D /* Release */ = {
			isa = XCBuildConfiguration;
			buildSettings = {
				ALWAYS_SEARCH_USER_PATHS = NO;
				CLANG_ANALYZER_NONNULL = YES;
				CLANG_ANALYZER_NUMBER_OBJECT_CONVERSION = YES_AGGRESSIVE;
				CLANG_CXX_LANGUAGE_STANDARD = "gnu++14";
				CLANG_CXX_LIBRARY = "libc++";
				CLANG_ENABLE_MODULES = YES;
				CLANG_ENABLE_OBJC_ARC = YES;
				CLANG_ENABLE_OBJC_WEAK = YES;
				CLANG_WARN_BLOCK_CAPTURE_AUTORELEASING = YES;
				CLANG_WARN_BOOL_CONVERSION = YES;
				CLANG_WARN_COMMA = YES;
				CLANG_WARN_CONSTANT_CONVERSION = YES;
				CLANG_WARN_DEPRECATED_OBJC_IMPLEMENTATIONS = YES;
				CLANG_WARN_DIRECT_OBJC_ISA_USAGE = YES_ERROR;
				CLANG_WARN_DOCUMENTATION_COMMENTS = YES;
				CLANG_WARN_EMPTY_BODY = YES;
				CLANG_WARN_ENUM_CONVERSION = YES;
				CLANG_WARN_INFINITE_RECURSION = YES;
				CLANG_WARN_INT_CONVERSION = YES;
				CLANG_WARN_NON_LITERAL_NULL_CONVERSION = YES;
				CLANG_WARN_OBJC_IMPLICIT_RETAIN_SELF = YES;
				CLANG_WARN_OBJC_LITERAL_CONVERSION = YES;
				CLANG_WARN_OBJC_ROOT_CLASS = YES_ERROR;
				CLANG_WARN_QUOTED_INCLUDE_IN_FRAMEWORK_HEADER = YES;
				CLANG_WARN_RANGE_LOOP_ANALYSIS = YES;
				CLANG_WARN_STRICT_PROTOTYPES = YES;
				CLANG_WARN_SUSPICIOUS_MOVE = YES;
				CLANG_WARN_UNGUARDED_AVAILABILITY = YES_AGGRESSIVE;
				CLANG_WARN_UNREACHABLE_CODE = YES;
				CLANG_WARN__DUPLICATE_METHOD_MATCH = YES;
				COPY_PHASE_STRIP = NO;
				DEBUG_INFORMATION_FORMAT = "dwarf-with-dsym";
				ENABLE_NS_ASSERTIONS = NO;
				ENABLE_STRICT_OBJC_MSGSEND = YES;
				GCC_C_LANGUAGE_STANDARD = gnu11;
				GCC_NO_COMMON_BLOCKS = YES;
				GCC_WARN_64_TO_32_BIT_CONVERSION = YES;
				GCC_WARN_ABOUT_RETURN_TYPE = YES_ERROR;
				GCC_WARN_UNDECLARED_SELECTOR = YES;
				GCC_WARN_UNINITIALIZED_AUTOS = YES_AGGRESSIVE;
				GCC_WARN_UNUSED_FUNCTION = YES;
				GCC_WARN_UNUSED_VARIABLE = YES;
				IPHONEOS_DEPLOYMENT_TARGET = 14.3;
				MTL_ENABLE_DEBUG_INFO = NO;
				MTL_FAST_MATH = YES;
				SDKROOT = iphoneos;
				SWIFT_COMPILATION_MODE = wholemodule;
				SWIFT_OPTIMIZATION_LEVEL = "-O";
				VALIDATE_PRODUCT = YES;
			};
			name = Release;
		};
		C9C39C5025B10C0D007C634D /* Debug */ = {
			isa = XCBuildConfiguration;
			buildSettings = {
				ASSETCATALOG_COMPILER_APPICON_NAME = AppIcon;
				ASSETCATALOG_COMPILER_GLOBAL_ACCENT_COLOR_NAME = AccentColor;
				CODE_SIGN_STYLE = Automatic;
				DEVELOPMENT_ASSET_PATHS = "\"WebSocket_ChatClient/Preview Content\"";
				DEVELOPMENT_TEAM = 747838U432;
				ENABLE_PREVIEWS = YES;
				INFOPLIST_FILE = WebSocket_ChatClient/Info.plist;
				IPHONEOS_DEPLOYMENT_TARGET = 14.0;
				LD_RUNPATH_SEARCH_PATHS = (
					"$(inherited)",
					"@executable_path/Frameworks",
				);
				PRODUCT_BUNDLE_IDENTIFIER = "edu.umd.mattrou.WebSocket-ChatClient";
				PRODUCT_NAME = "$(TARGET_NAME)";
				SWIFT_VERSION = 5.0;
				TARGETED_DEVICE_FAMILY = "1,2";
			};
			name = Debug;
		};
		C9C39C5125B10C0D007C634D /* Release */ = {
			isa = XCBuildConfiguration;
			buildSettings = {
				ASSETCATALOG_COMPILER_APPICON_NAME = AppIcon;
				ASSETCATALOG_COMPILER_GLOBAL_ACCENT_COLOR_NAME = AccentColor;
				CODE_SIGN_STYLE = Automatic;
				DEVELOPMENT_ASSET_PATHS = "\"WebSocket_ChatClient/Preview Content\"";
				DEVELOPMENT_TEAM = 747838U432;
				ENABLE_PREVIEWS = YES;
				INFOPLIST_FILE = WebSocket_ChatClient/Info.plist;
				IPHONEOS_DEPLOYMENT_TARGET = 14.0;
				LD_RUNPATH_SEARCH_PATHS = (
					"$(inherited)",
					"@executable_path/Frameworks",
				);
				PRODUCT_BUNDLE_IDENTIFIER = "edu.umd.mattrou.WebSocket-ChatClient";
				PRODUCT_NAME = "$(TARGET_NAME)";
				SWIFT_VERSION = 5.0;
				TARGETED_DEVICE_FAMILY = "1,2";
			};
			name = Release;
		};
/* End XCBuildConfiguration section */

/* Begin XCConfigurationList section */
		C9C39C3B25B10C09007C634D /* Build configuration list for PBXProject "WebSocket_ChatClient" */ = {
			isa = XCConfigurationList;
			buildConfigurations = (
				C9C39C4D25B10C0D007C634D /* Debug */,
				C9C39C4E25B10C0D007C634D /* Release */,
			);
			defaultConfigurationIsVisible = 0;
			defaultConfigurationName = Release;
		};
		C9C39C4F25B10C0D007C634D /* Build configuration list for PBXNativeTarget "WebSocket_ChatClient" */ = {
			isa = XCConfigurationList;
			buildConfigurations = (
				C9C39C5025B10C0D007C634D /* Debug */,
				C9C39C5125B10C0D007C634D /* Release */,
			);
			defaultConfigurationIsVisible = 0;
			defaultConfigurationName = Release;
		};
/* End XCConfigurationList section */

/* Begin XCRemoteSwiftPackageReference section */
		C9C39C5325B10F60007C634D /* XCRemoteSwiftPackageReference "socket.io-client-swift" */ = {
			isa = XCRemoteSwiftPackageReference;
			repositoryURL = "https://github.com/socketio/socket.io-client-swift.git";
			requirement = {
				kind = upToNextMajorVersion;
				minimumVersion = 15.2.0;
			};
		};
/* End XCRemoteSwiftPackageReference section */

/* Begin XCSwiftPackageProductDependency section */
		C9C39C5425B10F60007C634D /* SocketIO */ = {
			isa = XCSwiftPackageProductDependency;
			package = C9C39C5325B10F60007C634D /* XCRemoteSwiftPackageReference "socket.io-client-swift" */;
			productName = SocketIO;
		};
/* End XCSwiftPackageProductDependency section */
	};
	rootObject = C9C39C3825B10C09007C634D /* Project object */;
}
